
Microsoft Visual Studio Solution File, Format Version 12.00
# Visual Studio 15
VisualStudioVersion = 15.0.28307.421
MinimumVisualStudioVersion = 10.0.40219.1
Project("{00D1A9C2-B5F0-4AF3-8072-F6C62B433612}") = "CrimeStat.DWH", "CrimeStat.DWH.sqlproj", "{3EEBD9D6-F4C4-4114-A29F-E8DAFF77883C}"
EndProject
Global
	GlobalSection(SolutionConfigurationPlatforms) = preSolution
		Debug|Any CPU = Debug|Any CPU
		Release|Any CPU = Release|Any CPU
	EndGlobalSection
	GlobalSection(ProjectConfigurationPlatforms) = postSolution
		{3EEBD9D6-F4C4-4114-A29F-E8DAFF77883C}.Debug|Any CPU.ActiveCfg = Debug|Any CPU
		{3EEBD9D6-F4C4-4114-A29F-E8DAFF77883C}.Debug|Any CPU.Build.0 = Debug|Any CPU
		{3EEBD9D6-F4C4-4114-A29F-E8DAFF77883C}.Debug|Any CPU.Deploy.0 = Debug|Any CPU
		{3EEBD9D6-F4C4-4114-A29F-E8DAFF77883C}.Release|Any CPU.ActiveCfg = Release|Any CPU
		{3EEBD9D6-F4C4-4114-A29F-E8DAFF77883C}.Release|Any CPU.Build.0 = Release|Any CPU
		{3EEBD9D6-F4C4-4114-A29F-E8DAFF77883C}.Release|Any CPU.Deploy.0 = Release|Any CPU
	EndGlobalSection
	GlobalSection(SolutionProperties) = preSolution
		HideSolutionNode = FALSE
	EndGlobalSection
	GlobalSection(ExtensibilityGlobals) = postSolution
		SolutionGuid = {AF30AE07-F068-4CFC-B61C-49B8F59D3CFC}
	EndGlobalSection
EndGlobal
